// !$*UTF8*$!
{
	archiveVersion = 1;
	classes = {
	};
	objectVersion = 56;
	objects = {

/* Begin PBXBuildFile section */
		F634829F2B95C18500D4E5CC /* AVFoundation.framework in Frameworks */ = {isa = PBXBuildFile; fileRef = F634829E2B95C18500D4E5CC /* AVFoundation.framework */; };
		F63482A12B95C19600D4E5CC /* OpenGLES.framework in Frameworks */ = {isa = PBXBuildFile; fileRef = F63482A02B95C19600D4E5CC /* OpenGLES.framework */; platformFilter = ios; };
		F63482A32B95C1A500D4E5CC /* QuartzCore.framework in Frameworks */ = {isa = PBXBuildFile; fileRef = F63482A22B95C1A500D4E5CC /* QuartzCore.framework */; };
		F63482A52B95C1AC00D4E5CC /* UIKit.framework in Frameworks */ = {isa = PBXBuildFile; fileRef = F63482A42B95C1AC00D4E5CC /* UIKit.framework */; };
		F63482A72B95C1BE00D4E5CC /* CoreAudio.framework in Frameworks */ = {isa = PBXBuildFile; fileRef = F63482A62B95C1BD00D4E5CC /* CoreAudio.framework */; };
		F63482A92B95C1CE00D4E5CC /* CoreGraphics.framework in Frameworks */ = {isa = PBXBuildFile; fileRef = F63482A82B95C1CD00D4E5CC /* CoreGraphics.framework */; };
		F63482AB2B95C1DA00D4E5CC /* CoreMedia.framework in Frameworks */ = {isa = PBXBuildFile; fileRef = F63482AA2B95C1D900D4E5CC /* CoreMedia.framework */; };
		F63482AD2B95C1EC00D4E5CC /* Foundation.framework in Frameworks */ = {isa = PBXBuildFile; fileRef = F63482AC2B95C1EC00D4E5CC /* Foundation.framework */; };
		F63482AF2B95C1FC00D4E5CC /* CoreVideo.framework in Frameworks */ = {isa = PBXBuildFile; fileRef = F63482AE2B95C1FC00D4E5CC /* CoreVideo.framework */; };
		F63482B12B95C21A00D4E5CC /* libz.tbd in Frameworks */ = {isa = PBXBuildFile; fileRef = F63482B02B95C20B00D4E5CC /* libz.tbd */; };
		F63482B92B95C25F00D4E5CC /* libavcodec.a in Frameworks */ = {isa = PBXBuildFile; fileRef = F63482B42B95C24700D4E5CC /* libavcodec.a */; };
		F63482BA2B95C26000D4E5CC /* libavdevice.a in Frameworks */ = {isa = PBXBuildFile; fileRef = F63482B22B95C24700D4E5CC /* libavdevice.a */; };
		F63482BB2B95C26000D4E5CC /* libavfilter.a in Frameworks */ = {isa = PBXBuildFile; fileRef = F63482B72B95C24800D4E5CC /* libavfilter.a */; };
		F63482BC2B95C26100D4E5CC /* libavformat.a in Frameworks */ = {isa = PBXBuildFile; fileRef = F63482B52B95C24700D4E5CC /* libavformat.a */; };
		F63482BD2B95C26200D4E5CC /* libavutil.a in Frameworks */ = {isa = PBXBuildFile; fileRef = F63482B32B95C24700D4E5CC /* libavutil.a */; };
		F63482BE2B95C26200D4E5CC /* libswresample.a in Frameworks */ = {isa = PBXBuildFile; fileRef = F63482B62B95C24700D4E5CC /* libswresample.a */; };
		F63482BF2B95C26300D4E5CC /* libswscale.a in Frameworks */ = {isa = PBXBuildFile; fileRef = F63482B82B95C24800D4E5CC /* libswscale.a */; };
		F63482C12B95C4D900D4E5CC /* VideoToolbox.framework in Frameworks */ = {isa = PBXBuildFile; fileRef = F63482C02B95C4D900D4E5CC /* VideoToolbox.framework */; };
		F63482C32B95C56600D4E5CC /* libiconv.tbd in Frameworks */ = {isa = PBXBuildFile; fileRef = F63482C22B95C55D00D4E5CC /* libiconv.tbd */; };
		F63482C52B95C57D00D4E5CC /* libbz2.tbd in Frameworks */ = {isa = PBXBuildFile; fileRef = F63482C42B95C57500D4E5CC /* libbz2.tbd */; };
		F63482C72B95C63B00D4E5CC /* AudioToolbox.framework in Frameworks */ = {isa = PBXBuildFile; fileRef = F63482C62B95C63B00D4E5CC /* AudioToolbox.framework */; };
		F63482CB2B95C76400D4E5CC /* Security.framework in Frameworks */ = {isa = PBXBuildFile; fileRef = F63482CA2B95C76400D4E5CC /* Security.framework */; };
		F69A50EF2B9F04F7002C83EE /* HLtest.h in Headers */ = {isa = PBXBuildFile; fileRef = F69A50ED2B9F04F7002C83EE /* HLtest.h */; settings = {ATTRIBUTES = (Public, ); }; };
		F69A50F02B9F04F7002C83EE /* HLtest.m in Sources */ = {isa = PBXBuildFile; fileRef = F69A50EE2B9F04F7002C83EE /* HLtest.m */; };
/* End PBXBuildFile section */

/* Begin PBXFileReference section */
		F63482842B95BFCB00D4E5CC /* SCFFmpeg.framework */ = {isa = PBXFileReference; explicitFileType = wrapper.framework; includeInIndex = 0; path = SCFFmpeg.framework; sourceTree = BUILT_PRODUCTS_DIR; };
		F634828E2B95C0E600D4E5CC /* libavformat */ = {isa = PBXFileReference; lastKnownFileType = folder; path = libavformat; sourceTree = "<group>"; };
		F634828F2B95C0E600D4E5CC /* libavdevice */ = {isa = PBXFileReference; lastKnownFileType = folder; path = libavdevice; sourceTree = "<group>"; };
		F63482902B95C0E600D4E5CC /* libavcodec */ = {isa = PBXFileReference; lastKnownFileType = folder; path = libavcodec; sourceTree = "<group>"; };
		F63482912B95C0E700D4E5CC /* libavutil */ = {isa = PBXFileReference; lastKnownFileType = folder; path = libavutil; sourceTree = "<group>"; };
		F63482922B95C0E700D4E5CC /* libswresample */ = {isa = PBXFileReference; lastKnownFileType = folder; path = libswresample; sourceTree = "<group>"; };
		F63482932B95C0E700D4E5CC /* libswscale */ = {isa = PBXFileReference; lastKnownFileType = folder; path = libswscale; sourceTree = "<group>"; };
		F63482942B95C0E700D4E5CC /* libavfilter */ = {isa = PBXFileReference; lastKnownFileType = folder; path = libavfilter; sourceTree = "<group>"; };
		F634829E2B95C18500D4E5CC /* AVFoundation.framework */ = {isa = PBXFileReference; lastKnownFileType = wrapper.framework; name = AVFoundation.framework; path = Platforms/MacOSX.platform/Developer/SDKs/MacOSX13.3.sdk/System/Library/Frameworks/AVFoundation.framework; sourceTree = DEVELOPER_DIR; };
		F63482A02B95C19600D4E5CC /* OpenGLES.framework */ = {isa = PBXFileReference; lastKnownFileType = wrapper.framework; name = OpenGLES.framework; path = System/Library/Frameworks/OpenGLES.framework; sourceTree = SDKROOT; };
		F63482A22B95C1A500D4E5CC /* QuartzCore.framework */ = {isa = PBXFileReference; lastKnownFileType = wrapper.framework; name = QuartzCore.framework; path = Platforms/MacOSX.platform/Developer/SDKs/MacOSX13.3.sdk/System/Library/Frameworks/QuartzCore.framework; sourceTree = DEVELOPER_DIR; };
		F63482A42B95C1AC00D4E5CC /* UIKit.framework */ = {isa = PBXFileReference; lastKnownFileType = wrapper.framework; name = UIKit.framework; path = Platforms/MacOSX.platform/Developer/SDKs/MacOSX13.3.sdk/System/iOSSupport/System/Library/Frameworks/UIKit.framework; sourceTree = DEVELOPER_DIR; };
		F63482A62B95C1BD00D4E5CC /* CoreAudio.framework */ = {isa = PBXFileReference; lastKnownFileType = wrapper.framework; name = CoreAudio.framework; path = Platforms/MacOSX.platform/Developer/SDKs/MacOSX13.3.sdk/System/Library/Frameworks/CoreAudio.framework; sourceTree = DEVELOPER_DIR; };
		F63482A82B95C1CD00D4E5CC /* CoreGraphics.framework */ = {isa = PBXFileReference; lastKnownFileType = wrapper.framework; name = CoreGraphics.framework; path = Platforms/MacOSX.platform/Developer/SDKs/MacOSX13.3.sdk/System/Library/Frameworks/CoreGraphics.framework; sourceTree = DEVELOPER_DIR; };
		F63482AA2B95C1D900D4E5CC /* CoreMedia.framework */ = {isa = PBXFileReference; lastKnownFileType = wrapper.framework; name = CoreMedia.framework; path = Platforms/MacOSX.platform/Developer/SDKs/MacOSX13.3.sdk/System/Library/Frameworks/CoreMedia.framework; sourceTree = DEVELOPER_DIR; };
		F63482AC2B95C1EC00D4E5CC /* Foundation.framework */ = {isa = PBXFileReference; lastKnownFileType = wrapper.framework; name = Foundation.framework; path = Platforms/MacOSX.platform/Developer/SDKs/MacOSX13.3.sdk/System/Library/Frameworks/Foundation.framework; sourceTree = DEVELOPER_DIR; };
		F63482AE2B95C1FC00D4E5CC /* CoreVideo.framework */ = {isa = PBXFileReference; lastKnownFileType = wrapper.framework; name = CoreVideo.framework; path = Platforms/MacOSX.platform/Developer/SDKs/MacOSX13.3.sdk/System/Library/Frameworks/CoreVideo.framework; sourceTree = DEVELOPER_DIR; };
		F63482B02B95C20B00D4E5CC /* libz.tbd */ = {isa = PBXFileReference; lastKnownFileType = "sourcecode.text-based-dylib-definition"; name = libz.tbd; path = Platforms/MacOSX.platform/Developer/SDKs/MacOSX13.3.sdk/usr/lib/libz.tbd; sourceTree = DEVELOPER_DIR; };
		F63482B22B95C24700D4E5CC /* libavdevice.a */ = {isa = PBXFileReference; lastKnownFileType = archive.ar; name = libavdevice.a; path = "../FFmpeg-iOS/lib/libavdevice.a"; sourceTree = "<group>"; };
		F63482B32B95C24700D4E5CC /* libavutil.a */ = {isa = PBXFileReference; lastKnownFileType = archive.ar; name = libavutil.a; path = "../FFmpeg-iOS/lib/libavutil.a"; sourceTree = "<group>"; };
		F63482B42B95C24700D4E5CC /* libavcodec.a */ = {isa = PBXFileReference; lastKnownFileType = archive.ar; name = libavcodec.a; path = "../FFmpeg-iOS/lib/libavcodec.a"; sourceTree = "<group>"; };
		F63482B52B95C24700D4E5CC /* libavformat.a */ = {isa = PBXFileReference; lastKnownFileType = archive.ar; name = libavformat.a; path = "../FFmpeg-iOS/lib/libavformat.a"; sourceTree = "<group>"; };
		F63482B62B95C24700D4E5CC /* libswresample.a */ = {isa = PBXFileReference; lastKnownFileType = archive.ar; name = libswresample.a; path = "../FFmpeg-iOS/lib/libswresample.a"; sourceTree = "<group>"; };
		F63482B72B95C24800D4E5CC /* libavfilter.a */ = {isa = PBXFileReference; lastKnownFileType = archive.ar; name = libavfilter.a; path = "../FFmpeg-iOS/lib/libavfilter.a"; sourceTree = "<group>"; };
		F63482B82B95C24800D4E5CC /* libswscale.a */ = {isa = PBXFileReference; lastKnownFileType = archive.ar; name = libswscale.a; path = "../FFmpeg-iOS/lib/libswscale.a"; sourceTree = "<group>"; };
		F63482C02B95C4D900D4E5CC /* VideoToolbox.framework */ = {isa = PBXFileReference; lastKnownFileType = wrapper.framework; name = VideoToolbox.framework; path = Platforms/MacOSX.platform/Developer/SDKs/MacOSX13.3.sdk/System/Library/Frameworks/VideoToolbox.framework; sourceTree = DEVELOPER_DIR; };
		F63482C22B95C55D00D4E5CC /* libiconv.tbd */ = {isa = PBXFileReference; lastKnownFileType = "sourcecode.text-based-dylib-definition"; name = libiconv.tbd; path = Platforms/MacOSX.platform/Developer/SDKs/MacOSX13.3.sdk/usr/lib/libiconv.tbd; sourceTree = DEVELOPER_DIR; };
		F63482C42B95C57500D4E5CC /* libbz2.tbd */ = {isa = PBXFileReference; lastKnownFileType = "sourcecode.text-based-dylib-definition"; name = libbz2.tbd; path = Platforms/MacOSX.platform/Developer/SDKs/MacOSX13.3.sdk/usr/lib/libbz2.tbd; sourceTree = DEVELOPER_DIR; };
		F63482C62B95C63B00D4E5CC /* AudioToolbox.framework */ = {isa = PBXFileReference; lastKnownFileType = wrapper.framework; name = AudioToolbox.framework; path = Platforms/MacOSX.platform/Developer/SDKs/MacOSX13.3.sdk/System/Library/Frameworks/AudioToolbox.framework; sourceTree = DEVELOPER_DIR; };
		F63482C82B95C69600D4E5CC /* libboringssl.tbd */ = {isa = PBXFileReference; lastKnownFileType = "sourcecode.text-based-dylib-definition"; name = libboringssl.tbd; path = Platforms/MacOSX.platform/Developer/SDKs/MacOSX13.3.sdk/usr/lib/libboringssl.tbd; sourceTree = DEVELOPER_DIR; };
		F63482CA2B95C76400D4E5CC /* Security.framework */ = {isa = PBXFileReference; lastKnownFileType = wrapper.framework; name = Security.framework; path = Platforms/MacOSX.platform/Developer/SDKs/MacOSX13.3.sdk/System/Library/Frameworks/Security.framework; sourceTree = DEVELOPER_DIR; };
		F69A50ED2B9F04F7002C83EE /* HLtest.h */ = {isa = PBXFileReference; lastKnownFileType = sourcecode.c.h; path = HLtest.h; sourceTree = "<group>"; };
		F69A50EE2B9F04F7002C83EE /* HLtest.m */ = {isa = PBXFileReference; lastKnownFileType = sourcecode.c.objc; path = HLtest.m; sourceTree = "<group>"; };
/* End PBXFileReference section */

/* Begin PBXFrameworksBuildPhase section */
		F63482812B95BFCB00D4E5CC /* Frameworks */ = {
			isa = PBXFrameworksBuildPhase;
			buildActionMask = 2147483647;
			files = (
				F63482BD2B95C26200D4E5CC /* libavutil.a in Frameworks */,
				F63482A92B95C1CE00D4E5CC /* CoreGraphics.framework in Frameworks */,
				F63482C12B95C4D900D4E5CC /* VideoToolbox.framework in Frameworks */,
				F634829F2B95C18500D4E5CC /* AVFoundation.framework in Frameworks */,
				F63482C32B95C56600D4E5CC /* libiconv.tbd in Frameworks */,
				F63482BB2B95C26000D4E5CC /* libavfilter.a in Frameworks */,
				F63482A52B95C1AC00D4E5CC /* UIKit.framework in Frameworks */,
				F63482A12B95C19600D4E5CC /* OpenGLES.framework in Frameworks */,
				F63482A72B95C1BE00D4E5CC /* CoreAudio.framework in Frameworks */,
				F63482AF2B95C1FC00D4E5CC /* CoreVideo.framework in Frameworks */,
				F63482BE2B95C26200D4E5CC /* libswresample.a in Frameworks */,
				F63482C72B95C63B00D4E5CC /* AudioToolbox.framework in Frameworks */,
				F63482C52B95C57D00D4E5CC /* libbz2.tbd in Frameworks */,
				F63482A32B95C1A500D4E5CC /* QuartzCore.framework in Frameworks */,
				F63482CB2B95C76400D4E5CC /* Security.framework in Frameworks */,
				F63482AB2B95C1DA00D4E5CC /* CoreMedia.framework in Frameworks */,
				F63482BC2B95C26100D4E5CC /* libavformat.a in Frameworks */,
				F63482BF2B95C26300D4E5CC /* libswscale.a in Frameworks */,
				F63482B92B95C25F00D4E5CC /* libavcodec.a in Frameworks */,
				F63482AD2B95C1EC00D4E5CC /* Foundation.framework in Frameworks */,
				F63482BA2B95C26000D4E5CC /* libavdevice.a in Frameworks */,
				F63482B12B95C21A00D4E5CC /* libz.tbd in Frameworks */,
			);
			runOnlyForDeploymentPostprocessing = 0;
		};
/* End PBXFrameworksBuildPhase section */

/* Begin PBXGroup section */
		F634827A2B95BFCB00D4E5CC = {
			isa = PBXGroup;
			children = (
				F63482862B95BFCB00D4E5CC /* SCFFmpeg */,
				F63482852B95BFCB00D4E5CC /* Products */,
				F634829D2B95C18500D4E5CC /* Frameworks */,
			);
			sourceTree = "<group>";
		};
		F63482852B95BFCB00D4E5CC /* Products */ = {
			isa = PBXGroup;
			children = (
				F63482842B95BFCB00D4E5CC /* SCFFmpeg.framework */,
			);
			name = Products;
			sourceTree = "<group>";
		};
		F63482862B95BFCB00D4E5CC /* SCFFmpeg */ = {
			isa = PBXGroup;
			children = (
				F634829C2B95C0FB00D4E5CC /* ffmpeg */,
				F69A50ED2B9F04F7002C83EE /* HLtest.h */,
				F69A50EE2B9F04F7002C83EE /* HLtest.m */,
			);
			path = SCFFmpeg;
			sourceTree = "<group>";
		};
		F634829C2B95C0FB00D4E5CC /* ffmpeg */ = {
			isa = PBXGroup;
			children = (
				F63482902B95C0E600D4E5CC /* libavcodec */,
				F634828F2B95C0E600D4E5CC /* libavdevice */,
				F63482942B95C0E700D4E5CC /* libavfilter */,
				F634828E2B95C0E600D4E5CC /* libavformat */,
				F63482912B95C0E700D4E5CC /* libavutil */,
				F63482922B95C0E700D4E5CC /* libswresample */,
				F63482932B95C0E700D4E5CC /* libswscale */,
			);
			path = ffmpeg;
			sourceTree = "<group>";
		};
		F634829D2B95C18500D4E5CC /* Frameworks */ = {
			isa = PBXGroup;
			children = (
				F63482CA2B95C76400D4E5CC /* Security.framework */,
				F63482C82B95C69600D4E5CC /* libboringssl.tbd */,
				F63482C62B95C63B00D4E5CC /* AudioToolbox.framework */,
				F63482C42B95C57500D4E5CC /* libbz2.tbd */,
				F63482C22B95C55D00D4E5CC /* libiconv.tbd */,
				F63482C02B95C4D900D4E5CC /* VideoToolbox.framework */,
				F63482B42B95C24700D4E5CC /* libavcodec.a */,
				F63482B22B95C24700D4E5CC /* libavdevice.a */,
				F63482B72B95C24800D4E5CC /* libavfilter.a */,
				F63482B52B95C24700D4E5CC /* libavformat.a */,
				F63482B32B95C24700D4E5CC /* libavutil.a */,
				F63482B62B95C24700D4E5CC /* libswresample.a */,
				F63482B82B95C24800D4E5CC /* libswscale.a */,
				F63482B02B95C20B00D4E5CC /* libz.tbd */,
				F63482AE2B95C1FC00D4E5CC /* CoreVideo.framework */,
				F63482AC2B95C1EC00D4E5CC /* Foundation.framework */,
				F63482AA2B95C1D900D4E5CC /* CoreMedia.framework */,
				F63482A82B95C1CD00D4E5CC /* CoreGraphics.framework */,
				F63482A62B95C1BD00D4E5CC /* CoreAudio.framework */,
				F63482A42B95C1AC00D4E5CC /* UIKit.framework */,
				F63482A22B95C1A500D4E5CC /* QuartzCore.framework */,
				F63482A02B95C19600D4E5CC /* OpenGLES.framework */,
				F634829E2B95C18500D4E5CC /* AVFoundation.framework */,
			);
			name = Frameworks;
			sourceTree = "<group>";
		};
/* End PBXGroup section */

/* Begin PBXHeadersBuildPhase section */
		F634827F2B95BFCB00D4E5CC /* Headers */ = {
			isa = PBXHeadersBuildPhase;
			buildActionMask = 2147483647;
			files = (
				F69A50EF2B9F04F7002C83EE /* HLtest.h in Headers */,
			);
			runOnlyForDeploymentPostprocessing = 0;
		};
/* End PBXHeadersBuildPhase section */

/* Begin PBXNativeTarget section */
		F63482832B95BFCB00D4E5CC /* SCFFmpeg */ = {
			isa = PBXNativeTarget;
			buildConfigurationList = F634828B2B95BFCB00D4E5CC /* Build configuration list for PBXNativeTarget "SCFFmpeg" */;
			buildPhases = (
				F634827F2B95BFCB00D4E5CC /* Headers */,
				F63482802B95BFCB00D4E5CC /* Sources */,
				F63482812B95BFCB00D4E5CC /* Frameworks */,
				F63482822B95BFCB00D4E5CC /* Resources */,
			);
			buildRules = (
			);
			dependencies = (
			);
			name = SCFFmpeg;
			productName = HLFFmpeg;
			productReference = F63482842B95BFCB00D4E5CC /* SCFFmpeg.framework */;
			productType = "com.apple.product-type.framework";
		};
/* End PBXNativeTarget section */

/* Begin PBXProject section */
		F634827B2B95BFCB00D4E5CC /* Project object */ = {
			isa = PBXProject;
			attributes = {
				BuildIndependentTargetsInParallel = 1;
				LastUpgradeCheck = 1430;
				TargetAttributes = {
					F63482832B95BFCB00D4E5CC = {
						CreatedOnToolsVersion = 14.3;
					};
				};
			};
			buildConfigurationList = F634827E2B95BFCB00D4E5CC /* Build configuration list for PBXProject "SCFFmpeg" */;
			compatibilityVersion = "Xcode 14.0";
			developmentRegion = en;
			hasScannedForEncodings = 0;
			knownRegions = (
				en,
				Base,
			);
			mainGroup = F634827A2B95BFCB00D4E5CC;
			productRefGroup = F63482852B95BFCB00D4E5CC /* Products */;
			projectDirPath = "";
			projectRoot = "";
			targets = (
				F63482832B95BFCB00D4E5CC /* SCFFmpeg */,
			);
		};
/* End PBXProject section */

/* Begin PBXResourcesBuildPhase section */
		F63482822B95BFCB00D4E5CC /* Resources */ = {
			isa = PBXResourcesBuildPhase;
			buildActionMask = 2147483647;
			files = (
			);
			runOnlyForDeploymentPostprocessing = 0;
		};
/* End PBXResourcesBuildPhase section */

/* Begin PBXSourcesBuildPhase section */
		F63482802B95BFCB00D4E5CC /* Sources */ = {
			isa = PBXSourcesBuildPhase;
			buildActionMask = 2147483647;
			files = (
				F69A50F02B9F04F7002C83EE /* HLtest.m in Sources */,
			);
			runOnlyForDeploymentPostprocessing = 0;
		};
/* End PBXSourcesBuildPhase section */

/* Begin XCBuildConfiguration section */
		F63482892B95BFCB00D4E5CC /* Debug */ = {
			isa = XCBuildConfiguration;
			buildSettings = {
				ALWAYS_SEARCH_USER_PATHS = NO;
				CLANG_ANALYZER_NONNULL = YES;
				CLANG_ANALYZER_NUMBER_OBJECT_CONVERSION = YES_AGGRESSIVE;
				CLANG_CXX_LANGUAGE_STANDARD = "gnu++20";
				CLANG_ENABLE_MODULES = YES;
				CLANG_ENABLE_OBJC_ARC = YES;
				CLANG_ENABLE_OBJC_WEAK = YES;
				CLANG_WARN_BLOCK_CAPTURE_AUTORELEASING = YES;
				CLANG_WARN_BOOL_CONVERSION = YES;
				CLANG_WARN_COMMA = YES;
				CLANG_WARN_CONSTANT_CONVERSION = YES;
				CLANG_WARN_DEPRECATED_OBJC_IMPLEMENTATIONS = YES;
				CLANG_WARN_DIRECT_OBJC_ISA_USAGE = YES_ERROR;
				CLANG_WARN_DOCUMENTATION_COMMENTS = YES;
				CLANG_WARN_EMPTY_BODY = YES;
				CLANG_WARN_ENUM_CONVERSION = YES;
				CLANG_WARN_INFINITE_RECURSION = YES;
				CLANG_WARN_INT_CONVERSION = YES;
				CLANG_WARN_NON_LITERAL_NULL_CONVERSION = YES;
				CLANG_WARN_OBJC_IMPLICIT_RETAIN_SELF = YES;
				CLANG_WARN_OBJC_LITERAL_CONVERSION = YES;
				CLANG_WARN_OBJC_ROOT_CLASS = YES_ERROR;
				CLANG_WARN_QUOTED_INCLUDE_IN_FRAMEWORK_HEADER = YES;
				CLANG_WARN_RANGE_LOOP_ANALYSIS = YES;
				CLANG_WARN_STRICT_PROTOTYPES = YES;
				CLANG_WARN_SUSPICIOUS_MOVE = YES;
				CLANG_WARN_UNGUARDED_AVAILABILITY = YES_AGGRESSIVE;
				CLANG_WARN_UNREACHABLE_CODE = YES;
				CLANG_WARN__DUPLICATE_METHOD_MATCH = YES;
				COPY_PHASE_STRIP = NO;
				CURRENT_PROJECT_VERSION = 1;
				DEBUG_INFORMATION_FORMAT = dwarf;
				ENABLE_STRICT_OBJC_MSGSEND = YES;
				ENABLE_TESTABILITY = YES;
				GCC_C_LANGUAGE_STANDARD = gnu11;
				GCC_DYNAMIC_NO_PIC = NO;
				GCC_NO_COMMON_BLOCKS = YES;
				GCC_OPTIMIZATION_LEVEL = 0;
				GCC_PREPROCESSOR_DEFINITIONS = (
					"DEBUG=1",
					"$(inherited)",
				);
				GCC_WARN_64_TO_32_BIT_CONVERSION = YES;
				GCC_WARN_ABOUT_RETURN_TYPE = YES_ERROR;
				GCC_WARN_UNDECLARED_SELECTOR = YES;
				GCC_WARN_UNINITIALIZED_AUTOS = YES_AGGRESSIVE;
				GCC_WARN_UNUSED_FUNCTION = YES;
				GCC_WARN_UNUSED_VARIABLE = YES;
				IPHONEOS_DEPLOYMENT_TARGET = 16.4;
				MTL_ENABLE_DEBUG_INFO = INCLUDE_SOURCE;
				MTL_FAST_MATH = YES;
				ONLY_ACTIVE_ARCH = YES;
				SDKROOT = iphoneos;
				VERSIONING_SYSTEM = "apple-generic";
				VERSION_INFO_PREFIX = "";
			};
			name = Debug;
		};
		F634828A2B95BFCB00D4E5CC /* Release */ = {
			isa = XCBuildConfiguration;
			buildSettings = {
				ALWAYS_SEARCH_USER_PATHS = NO;
				CLANG_ANALYZER_NONNULL = YES;
				CLANG_ANALYZER_NUMBER_OBJECT_CONVERSION = YES_AGGRESSIVE;
				CLANG_CXX_LANGUAGE_STANDARD = "gnu++20";
				CLANG_ENABLE_MODULES = YES;
				CLANG_ENABLE_OBJC_ARC = YES;
				CLANG_ENABLE_OBJC_WEAK = YES;
				CLANG_WARN_BLOCK_CAPTURE_AUTORELEASING = YES;
				CLANG_WARN_BOOL_CONVERSION = YES;
				CLANG_WARN_COMMA = YES;
				CLANG_WARN_CONSTANT_CONVERSION = YES;
				CLANG_WARN_DEPRECATED_OBJC_IMPLEMENTATIONS = YES;
				CLANG_WARN_DIRECT_OBJC_ISA_USAGE = YES_ERROR;
				CLANG_WARN_DOCUMENTATION_COMMENTS = YES;
				CLANG_WARN_EMPTY_BODY = YES;
				CLANG_WARN_ENUM_CONVERSION = YES;
				CLANG_WARN_INFINITE_RECURSION = YES;
				CLANG_WARN_INT_CONVERSION = YES;
				CLANG_WARN_NON_LITERAL_NULL_CONVERSION = YES;
				CLANG_WARN_OBJC_IMPLICIT_RETAIN_SELF = YES;
				CLANG_WARN_OBJC_LITERAL_CONVERSION = YES;
				CLANG_WARN_OBJC_ROOT_CLASS = YES_ERROR;
				CLANG_WARN_QUOTED_INCLUDE_IN_FRAMEWORK_HEADER = YES;
				CLANG_WARN_RANGE_LOOP_ANALYSIS = YES;
				CLANG_WARN_STRICT_PROTOTYPES = YES;
				CLANG_WARN_SUSPICIOUS_MOVE = YES;
				CLANG_WARN_UNGUARDED_AVAILABILITY = YES_AGGRESSIVE;
				CLANG_WARN_UNREACHABLE_CODE = YES;
				CLANG_WARN__DUPLICATE_METHOD_MATCH = YES;
				COPY_PHASE_STRIP = NO;
				CURRENT_PROJECT_VERSION = 1;
				DEBUG_INFORMATION_FORMAT = "dwarf-with-dsym";
				ENABLE_NS_ASSERTIONS = NO;
				ENABLE_STRICT_OBJC_MSGSEND = YES;
				GCC_C_LANGUAGE_STANDARD = gnu11;
				GCC_NO_COMMON_BLOCKS = YES;
				GCC_WARN_64_TO_32_BIT_CONVERSION = YES;
				GCC_WARN_ABOUT_RETURN_TYPE = YES_ERROR;
				GCC_WARN_UNDECLARED_SELECTOR = YES;
				GCC_WARN_UNINITIALIZED_AUTOS = YES_AGGRESSIVE;
				GCC_WARN_UNUSED_FUNCTION = YES;
				GCC_WARN_UNUSED_VARIABLE = YES;
				IPHONEOS_DEPLOYMENT_TARGET = 16.4;
				MTL_ENABLE_DEBUG_INFO = NO;
				MTL_FAST_MATH = YES;
				SDKROOT = iphoneos;
				VALIDATE_PRODUCT = YES;
				VERSIONING_SYSTEM = "apple-generic";
				VERSION_INFO_PREFIX = "";
			};
			name = Release;
		};
		F634828C2B95BFCB00D4E5CC /* Debug */ = {
			isa = XCBuildConfiguration;
			buildSettings = {
				CODE_SIGN_STYLE = Automatic;
				CURRENT_PROJECT_VERSION = 1;
				DEFINES_MODULE = YES;
				DEVELOPMENT_TEAM = C4HH236MR9;
				DYLIB_COMPATIBILITY_VERSION = 1;
				DYLIB_CURRENT_VERSION = 1;
				DYLIB_INSTALL_NAME_BASE = "@rpath";
				ENABLE_MODULE_VERIFIER = YES;
				GENERATE_INFOPLIST_FILE = YES;
				HEADER_SEARCH_PATHS = /Users/stan/Desktop/HLFFmpeg/HLFFmpeg/ffmpeg;
				INFOPLIST_KEY_NSHumanReadableCopyright = "";
				INSTALL_PATH = "$(LOCAL_LIBRARY_DIR)/Frameworks";
				IPHONEOS_DEPLOYMENT_TARGET = 9.0;
				LD_RUNPATH_SEARCH_PATHS = (
					"$(inherited)",
					"@executable_path/Frameworks",
					"@loader_path/Frameworks",
				);
				LIBRARY_SEARCH_PATHS = "/Users/stan/Desktop/FFmpeg-iOS/lib";
				MACH_O_TYPE = mh_dylib;
				MARKETING_VERSION = 1.0;
				MODULE_VERIFIER_SUPPORTED_LANGUAGES = "objective-c objective-c++";
				MODULE_VERIFIER_SUPPORTED_LANGUAGE_STANDARDS = "gnu11 gnu++20";
				OTHER_LDFLAGS = (
					"-all_load",
					"-read_only_relocs",
					suppress,
				);
				PRODUCT_BUNDLE_IDENTIFIER = viewtoview.com.HLFFmpeg;
				PRODUCT_NAME = "$(TARGET_NAME:c99extidentifier)";
				SKIP_INSTALL = YES;
				SWIFT_EMIT_LOC_STRINGS = YES;
				SYSTEM_HEADER_SEARCH_PATHS = /Users/stan/Desktop/HLFFmpeg/HLFFmpeg/ffmpeg;
				TARGETED_DEVICE_FAMILY = "1,2";
				USER_HEADER_SEARCH_PATHS = /Users/stan/Desktop/HLFFmpeg/HLFFmpeg/ffmpeg;
			};
			name = Debug;
		};
		F634828D2B95BFCB00D4E5CC /* Release */ = {
			isa = XCBuildConfiguration;
			buildSettings = {
				CODE_SIGN_STYLE = Automatic;
				CURRENT_PROJECT_VERSION = 1;
				DEFINES_MODULE = YES;
				DEVELOPMENT_TEAM = C4HH236MR9;
				DYLIB_COMPATIBILITY_VERSION = 1;
				DYLIB_CURRENT_VERSION = 1;
				DYLIB_INSTALL_NAME_BASE = "@rpath";
				ENABLE_MODULE_VERIFIER = YES;
				GENERATE_INFOPLIST_FILE = YES;
				HEADER_SEARCH_PATHS = /Users/stan/Desktop/HLFFmpeg/HLFFmpeg/ffmpeg;
				INFOPLIST_KEY_NSHumanReadableCopyright = "";
				INSTALL_PATH = "$(LOCAL_LIBRARY_DIR)/Frameworks";
				IPHONEOS_DEPLOYMENT_TARGET = 9.0;
				LD_RUNPATH_SEARCH_PATHS = (
					"$(inherited)",
					"@executable_path/Frameworks",
					"@loader_path/Frameworks",
				);
				LIBRARY_SEARCH_PATHS = "/Users/stan/Desktop/FFmpeg-iOS/lib";
				MACH_O_TYPE = mh_dylib;
				MARKETING_VERSION = 1.0;
				MODULE_VERIFIER_SUPPORTED_LANGUAGES = "objective-c objective-c++";
				MODULE_VERIFIER_SUPPORTED_LANGUAGE_STANDARDS = "gnu11 gnu++20";
				OTHER_LDFLAGS = (
					"-all_load",
					"-read_only_relocs",
					suppress,
				);
				PRODUCT_BUNDLE_IDENTIFIER = viewtoview.com.HLFFmpeg;
				PRODUCT_NAME = "$(TARGET_NAME:c99extidentifier)";
				SKIP_INSTALL = YES;
				SWIFT_EMIT_LOC_STRINGS = YES;
				SYSTEM_HEADER_SEARCH_PATHS = /Users/stan/Desktop/HLFFmpeg/HLFFmpeg/ffmpeg;
				TARGETED_DEVICE_FAMILY = "1,2";
				USER_HEADER_SEARCH_PATHS = /Users/stan/Desktop/HLFFmpeg/HLFFmpeg/ffmpeg;
			};
			name = Release;
		};
/* End XCBuildConfiguration section */

/* Begin XCConfigurationList section */
		F634827E2B95BFCB00D4E5CC /* Build configuration list for PBXProject "SCFFmpeg" */ = {
			isa = XCConfigurationList;
			buildConfigurations = (
				F63482892B95BFCB00D4E5CC /* Debug */,
				F634828A2B95BFCB00D4E5CC /* Release */,
			);
			defaultConfigurationIsVisible = 0;
			defaultConfigurationName = Release;
		};
		F634828B2B95BFCB00D4E5CC /* Build configuration list for PBXNativeTarget "SCFFmpeg" */ = {
			isa = XCConfigurationList;
			buildConfigurations = (
				F634828C2B95BFCB00D4E5CC /* Debug */,
				F634828D2B95BFCB00D4E5CC /* Release */,
			);
			defaultConfigurationIsVisible = 0;
			defaultConfigurationName = Release;
		};
/* End XCConfigurationList section */
	};
	rootObject = F634827B2B95BFCB00D4E5CC /* Project object */;
}
